{
  "version": 4,
  "terraform_version": "1.15.8",
  "serial": 21,
  "lineage": "da15a7ae-c939-ec0f-bd9a-70b9775a2e17",
  "outputs": {
    "kafka_bootstrap_server": {
      "value": "40.123.240.176:9094",
      "type": "string"
    },
    "sql_server_fqdn": {
      "value": "kafka-demo-sql-server.database.windows.net",
      "type": "string"
    }
  },
  "resources": [
    {
      "mode": "managed",
      "type": "azurerm_linux_virtual_machine",
      "name": "kafka_vm",
      "provider": "provider[\"registry.terraform.io/hashicorp/azurerm\"]",
      "instances": [
        {
          "schema_version": 0,
          "attributes": {
            "additional_capabilities": [],
            "admin_password": "P@ssw0rd12345!",
            "admin_ssh_key": [],
            "admin_username": "azureuser",
            "allow_extension_operations": true,
            "availability_set_id": "",
            "boot_diagnostics": [],
            "bypass_platform_safety_checks_on_user_schedule_enabled": false,
            "capacity_reservation_group_id": "",
            "computer_name": "kafka-demo-kafka-vm",
            "custom_data": "IyEvYmluL2Jhc2gKIyBVcGRhdGUgYW5kIGluc3RhbGwgRG9ja2VyCmFwdC1nZXQgdXBkYXRlIC15CmFwdC1nZXQgaW5zdGFsbCAteSBkb2NrZXIuaW8gZG9ja2VyLWNvbXBvc2UtdjIKc3lzdGVtY3RsIHN0YXJ0IGRvY2tlcgpzeXN0ZW1jdGwgZW5hYmxlIGRvY2tlcgoKIyBDcmVhdGUgYSBkZXBsb3ltZW50IGRpcmVjdG9yeSBmb3IgS2Fma2EKbWtkaXIgLXAgL29wdC9rYWZrYQpjYXQgPDxFT0YgPiAvb3B0L2thZmthL2RvY2tlci1jb21wb3NlLnltbAp2ZXJzaW9uOiAnMy44JwpzZXJ2aWNlczoKICB6b29rZWVwZXI6CiAgICBpbWFnZTogY29uZmx1ZW50aW5jL2NwLXpvb2tlZXBlcjo3LjUuMAogICAgZW52aXJvbm1lbnQ6CiAgICAgIFpPT0tFRVBFUl9DTElFTlRfUE9SVDogMjE4MQogICAgICBaT09LRUVQRVJfVElDS19USU1FOiAyMDAwCiAgICByZXN0YXJ0OiBhbHdheXMKCiAga2Fma2E6CiAgICBpbWFnZTogY29uZmx1ZW50aW5jL2NwLWthZmthOjcuNS4wCiAgICBkZXBlbmRzX29uOgogICAgICAtIHpvb2tlZXBlcgogICAgcG9ydHM6CiAgICAgIC0gIjkwOTI6OTA5MiIKICAgICAgLSAiOTA5NDo5MDk0IgogICAgZW52aXJvbm1lbnQ6CiAgICAgIEtBRktBX0JST0tFUl9JRDogMQogICAgICBLQUZLQV9aT09LRUVQRVJfQ09OTkVDVDogem9va2VlcGVyOjIxODEKICAgICAgS0FGS0FfTElTVEVORVJfU0VDVVJJVFlfUFJPVE9DT0xfTUFQOiBQTEFJTlRFWFQ6UExBSU5URVhULFBMQUlOVEVYVF9IT1NUOlBMQUlOVEVYVAogICAgICBLQUZLQV9BRFZFUlRJU0VEX0xJU1RFTkVSUzogUExBSU5URVhUOi8va2Fma2E6OTA5MixQTEFJTlRFWFRfSE9TVDovL1wkKGN1cmwgLXMgaWZjb25maWcubWUpOjkwOTQKICAgICAgS0FGS0FfT0ZGU0VUU19UT1BJQ19SRVBMSUNBVElPTl9GQUNUT1I6IDEKICAgICAgS0FGS0FfVFJBTlNBQ1RJT05fU1RBVEVfTE9HX01JTl9JU1I6IDEKICAgICAgS0FGS0FfVFJBTlNBQ1RJT05fU1RBVEVfTE9HX1JFUExJQ0FUSU9OX0ZBQ1RPUjogMQogICAgcmVzdGFydDogYWx3YXlzCkVPRgoKY2QgL29wdC9rYWZrYQpkb2NrZXIgY29tcG9zZSB1cCAtZA==",
            "dedicated_host_group_id": "",
            "dedicated_host_id": "",
            "disable_password_authentication": false,
            "disk_controller_type": "",
            "edge_zone": "",
            "encryption_at_host_enabled": false,
            "eviction_policy": "",
            "extensions_time_budget": "PT1H30M",
            "gallery_application": [],
            "id": "/subscriptions/f6cefdd0-bfd8-4dcd-ba6c-cc90e0a813be/resourceGroups/kafka-demo-rg/providers/Microsoft.Compute/virtualMachines/kafka-demo-kafka-vm",
            "identity": [],
            "license_type": "",
            "location": "southafricanorth",
            "max_bid_price": -1,
            "name": "kafka-demo-kafka-vm",
            "network_interface_ids": [
              "/subscriptions/f6cefdd0-bfd8-4dcd-ba6c-cc90e0a813be/resourceGroups/kafka-demo-rg/providers/Microsoft.Network/networkInterfaces/kafka-demo-nic"
            ],
            "os_disk": [
              {
                "caching": "ReadWrite",
                "diff_disk_settings": [],
                "disk_encryption_set_id": "",
                "disk_size_gb": 30,
                "name": "kafka-demo-kafka-vm_OsDisk_1_498451a8494240e18c375ad546e75034",
                "secure_vm_disk_encryption_set_id": "",
                "security_encryption_type": "",
                "storage_account_type": "Standard_LRS",
                "write_accelerator_enabled": false
              }
            ],
            "os_image_notification": [],
            "patch_assessment_mode": "ImageDefault",
            "patch_mode": "ImageDefault",
            "plan": [],
            "platform_fault_domain": -1,
            "priority": "Regular",
            "private_ip_address": "10.0.1.4",
            "private_ip_addresses": [
              "10.0.1.4"
            ],
            "provision_vm_agent": true,
            "proximity_placement_group_id": "",
            "public_ip_address": "40.123.240.176",
            "public_ip_addresses": [
              "40.123.240.176"
            ],
            "reboot_setting": "",
            "resource_group_name": "kafka-demo-rg",
            "secret": [],
            "secure_boot_enabled": false,
            "size": "Standard_D2s_v5",
            "source_image_id": "",
            "source_image_reference": [
              {
                "offer": "0001-com-ubuntu-server-jammy",
                "publisher": "Canonical",
                "sku": "22_04-lts",
                "version": "latest"
              }
            ],
            "tags": {},
            "termination_notification": [],
            "timeouts": null,
            "user_data": "",
            "virtual_machine_id": "997bb6b0-ae22-496a-8c03-0351bbd80085",
            "virtual_machine_scale_set_id": "",
            "vm_agent_platform_updates_enabled": false,
            "vtpm_enabled": false,
            "zone": ""
          },
          "sensitive_attributes": [
            [
              {
                "type": "get_attr",
                "value": "admin_password"
              }
            ],
            [
              {
                "type": "get_attr",
                "value": "custom_data"
              }
            ]
          ],
          "identity_schema_version": 0,
          "private": "eyJlMmJmYjczMC1lY2FhLTExZTYtOGY4OC0zNDM2M2JjN2M0YzAiOnsiY3JlYXRlIjoyNzAwMDAwMDAwMDAwLCJkZWxldGUiOjI3MDAwMDAwMDAwMDAsInJlYWQiOjMwMDAwMDAwMDAwMCwidXBkYXRlIjoyNzAwMDAwMDAwMDAwfX0=",
          "dependencies": [
            "azurerm_network_interface.nic",
            "azurerm_public_ip.pip",
            "azurerm_resource_group.rg",
            "azurerm_subnet.subnet",
            "azurerm_virtual_network.vnet"
          ]
        }
      ]
    },
    {
      "mode": "managed",
      "type": "azurerm_mssql_database",
      "name": "db",
      "provider": "provider[\"registry.terraform.io/hashicorp/azurerm\"]",
      "instances": [
        {
          "schema_version": 1,
          "attributes": {
            "auto_pause_delay_in_minutes": 0,
            "collation": "SQL_Latin1_General_CP1_CI_AS",
            "create_mode": "Default",
            "creation_source_database_id": null,
            "elastic_pool_id": "",
            "enclave_type": "",
            "geo_backup_enabled": true,
            "id": "/subscriptions/f6cefdd0-bfd8-4dcd-ba6c-cc90e0a813be/resourceGroups/kafka-demo-rg/providers/Microsoft.Sql/servers/kafka-demo-sql-server/databases/TransactionAnalyticsDB",
            "identity": [],
            "import": [],
            "ledger_enabled": false,
            "license_type": "",
            "long_term_retention_policy": [
              {
                "immutable_backups_enabled": false,
                "monthly_retention": "PT0S",
                "week_of_year": 1,
                "weekly_retention": "PT0S",
                "yearly_retention": "PT0S"
              }
            ],
            "maintenance_configuration_name": "SQL_Default",
            "max_size_gb": 250,
            "min_capacity": 0,
            "name": "TransactionAnalyticsDB",
            "read_replica_count": 0,
            "read_scale": false,
            "recover_database_id": null,
            "recovery_point_id": null,
            "restore_dropped_database_id": null,
            "restore_long_term_retention_backup_id": null,
            "restore_point_in_time": null,
            "sample_name": null,
            "secondary_type": "",
            "server_id": "/subscriptions/f6cefdd0-bfd8-4dcd-ba6c-cc90e0a813be/resourceGroups/kafka-demo-rg/providers/Microsoft.Sql/servers/kafka-demo-sql-server",
            "short_term_retention_policy": [
              {
                "backup_interval_in_hours": 24,
                "retention_days": 7
              }
            ],
            "sku_name": "S0",
            "storage_account_type": "Geo",
            "tags": {},
            "threat_detection_policy": [
              {
                "disabled_alerts": [],
                "email_account_admins": "Disabled",
                "email_addresses": [],
                "retention_days": 0,
                "state": "Disabled",
                "storage_account_access_key": "",
                "storage_endpoint": ""
              }
            ],
            "timeouts": null,
            "transparent_data_encryption_enabled": true,
            "transparent_data_encryption_key_automatic_rotation_enabled": false,
            "transparent_data_encryption_key_vault_key_id": "",
            "zone_redundant": false
          },
          "sensitive_attributes": [
            [
              {
                "type": "get_attr",
                "value": "threat_detection_policy"
              },
              {
                "type": "index",
                "value": {
                  "value": 0,
                  "type": "number"
                }
              },
              {
                "type": "get_attr",
                "value": "storage_account_access_key"
              }
            ]
          ],
          "identity_schema_version": 0,
          "private": "eyJlMmJmYjczMC1lY2FhLTExZTYtOGY4OC0zNDM2M2JjN2M0YzAiOnsiY3JlYXRlIjozNjAwMDAwMDAwMDAwLCJkZWxldGUiOjM2MDAwMDAwMDAwMDAsInJlYWQiOjMwMDAwMDAwMDAwMCwidXBkYXRlIjozNjAwMDAwMDAwMDAwfSwic2NoZW1hX3ZlcnNpb24iOiIxIn0=",
          "dependencies": [
            "azurerm_mssql_server.sql_server",
            "azurerm_resource_group.rg"
          ]
        }
      ]
    },
    {
      "mode": "managed",
      "type": "azurerm_mssql_server",
      "name": "sql_server",
      "provider": "provider[\"registry.terraform.io/hashicorp/azurerm\"]",
      "instances": [
        {
          "schema_version": 0,
          "attributes": {
            "administrator_login": "sqladmin",
            "administrator_login_password": "Easy#12345",
            "azuread_administrator": [],
            "connection_policy": "Default",
            "fully_qualified_domain_name": "kafka-demo-sql-server.database.windows.net",
            "id": "/subscriptions/f6cefdd0-bfd8-4dcd-ba6c-cc90e0a813be/resourceGroups/kafka-demo-rg/providers/Microsoft.Sql/servers/kafka-demo-sql-server",
            "identity": [],
            "location": "southafricanorth",
            "minimum_tls_version": "1.2",
            "name": "kafka-demo-sql-server",
            "outbound_network_restriction_enabled": false,
            "primary_user_assigned_identity_id": "",
            "public_network_access_enabled": true,
            "resource_group_name": "kafka-demo-rg",
            "restorable_dropped_database_ids": [],
            "tags": {},
            "timeouts": null,
            "transparent_data_encryption_key_vault_key_id": "",
            "version": "12.0"
          },
          "sensitive_attributes": [
            [
              {
                "type": "get_attr",
                "value": "administrator_login_password"
              }
            ]
          ],
          "identity_schema_version": 0,
          "private": "eyJlMmJmYjczMC1lY2FhLTExZTYtOGY4OC0zNDM2M2JjN2M0YzAiOnsiY3JlYXRlIjozNjAwMDAwMDAwMDAwLCJkZWxldGUiOjM2MDAwMDAwMDAwMDAsInJlYWQiOjMwMDAwMDAwMDAwMCwidXBkYXRlIjozNjAwMDAwMDAwMDAwfX0=",
          "dependencies": [
            "azurerm_resource_group.rg"
          ]
        }
      ]
    },
    {
      "mode": "managed",
      "type": "azurerm_network_interface",
      "name": "nic",
      "provider": "provider[\"registry.terraform.io/hashicorp/azurerm\"]",
      "instances": [
        {
          "schema_version": 0,
          "attributes": {
            "accelerated_networking_enabled": false,
            "applied_dns_servers": [],
            "auxiliary_mode": "",
            "auxiliary_sku": "",
            "dns_servers": [],
            "edge_zone": "",
            "enable_accelerated_networking": false,
            "enable_ip_forwarding": false,
            "id": "/subscriptions/f6cefdd0-bfd8-4dcd-ba6c-cc90e0a813be/resourceGroups/kafka-demo-rg/providers/Microsoft.Network/networkInterfaces/kafka-demo-nic",
            "internal_dns_name_label": "",
            "internal_domain_name_suffix": "14b0c1dsdffeffpgjswrvkzdxh.jnbx.internal.cloudapp.net",
            "ip_configuration": [
              {
                "gateway_load_balancer_frontend_ip_configuration_id": "",
                "name": "internal",
                "primary": true,
                "private_ip_address": "10.0.1.4",
                "private_ip_address_allocation": "Dynamic",
                "private_ip_address_version": "IPv4",
                "public_ip_address_id": "/subscriptions/f6cefdd0-bfd8-4dcd-ba6c-cc90e0a813be/resourceGroups/kafka-demo-rg/providers/Microsoft.Network/publicIPAddresses/kafka-demo-pip",
                "subnet_id": "/subscriptions/f6cefdd0-bfd8-4dcd-ba6c-cc90e0a813be/resourceGroups/kafka-demo-rg/providers/Microsoft.Network/virtualNetworks/kafka-demo-vnet/subnets/kafka-demo-subnet"
              }
            ],
            "ip_forwarding_enabled": false,
            "location": "southafricanorth",
            "mac_address": "E4-FA-DE-0B-43-15",
            "name": "kafka-demo-nic",
            "private_ip_address": "10.0.1.4",
            "private_ip_addresses": [
              "10.0.1.4"
            ],
            "resource_group_name": "kafka-demo-rg",
            "tags": {},
            "timeouts": null,
            "virtual_machine_id": "/subscriptions/f6cefdd0-bfd8-4dcd-ba6c-cc90e0a813be/resourceGroups/kafka-demo-rg/providers/Microsoft.Compute/virtualMachines/kafka-demo-kafka-vm"
          },
          "sensitive_attributes": [],
          "identity_schema_version": 0,
          "private": "eyJlMmJmYjczMC1lY2FhLTExZTYtOGY4OC0zNDM2M2JjN2M0YzAiOnsiY3JlYXRlIjoxODAwMDAwMDAwMDAwLCJkZWxldGUiOjE4MDAwMDAwMDAwMDAsInJlYWQiOjMwMDAwMDAwMDAwMCwidXBkYXRlIjoxODAwMDAwMDAwMDAwfX0=",
          "dependencies": [
            "azurerm_public_ip.pip",
            "azurerm_resource_group.rg",
            "azurerm_subnet.subnet",
            "azurerm_virtual_network.vnet"
          ]
        }
      ]
    },
    {
      "mode": "managed",
      "type": "azurerm_network_interface_security_group_association",
      "name": "nisga",
      "provider": "provider[\"registry.terraform.io/hashicorp/azurerm\"]",
      "instances": [
        {
          "schema_version": 0,
          "attributes": {
            "id": "/subscriptions/f6cefdd0-bfd8-4dcd-ba6c-cc90e0a813be/resourceGroups/kafka-demo-rg/providers/Microsoft.Network/networkInterfaces/kafka-demo-nic|/subscriptions/f6cefdd0-bfd8-4dcd-ba6c-cc90e0a813be/resourceGroups/kafka-demo-rg/providers/Microsoft.Network/networkSecurityGroups/kafka-demo-nsg",
            "network_interface_id": "/subscriptions/f6cefdd0-bfd8-4dcd-ba6c-cc90e0a813be/resourceGroups/kafka-demo-rg/providers/Microsoft.Network/networkInterfaces/kafka-demo-nic",
            "network_security_group_id": "/subscriptions/f6cefdd0-bfd8-4dcd-ba6c-cc90e0a813be/resourceGroups/kafka-demo-rg/providers/Microsoft.Network/networkSecurityGroups/kafka-demo-nsg",
            "timeouts": null
          },
          "sensitive_attributes": [],
          "identity_schema_version": 0,
          "private": "eyJlMmJmYjczMC1lY2FhLTExZTYtOGY4OC0zNDM2M2JjN2M0YzAiOnsiY3JlYXRlIjoxODAwMDAwMDAwMDAwLCJkZWxldGUiOjE4MDAwMDAwMDAwMDAsInJlYWQiOjMwMDAwMDAwMDAwMH19",
          "dependencies": [
            "azurerm_network_interface.nic",
            "azurerm_network_security_group.nsg",
            "azurerm_public_ip.pip",
            "azurerm_resource_group.rg",
            "azurerm_subnet.subnet",
            "azurerm_virtual_network.vnet"
          ]
        }
      ]
    },
    {
      "mode": "managed",
      "type": "azurerm_network_security_group",
      "name": "nsg",
      "provider": "provider[\"registry.terraform.io/hashicorp/azurerm\"]",
      "instances": [
        {
          "schema_version": 0,
          "attributes": {
            "id": "/subscriptions/f6cefdd0-bfd8-4dcd-ba6c-cc90e0a813be/resourceGroups/kafka-demo-rg/providers/Microsoft.Network/networkSecurityGroups/kafka-demo-nsg",
            "location": "southafricanorth",
            "name": "kafka-demo-nsg",
            "resource_group_name": "kafka-demo-rg",
            "security_rule": [
              {
                "access": "Allow",
                "description": "",
                "destination_address_prefix": "*",
                "destination_address_prefixes": [],
                "destination_application_security_group_ids": [],
                "destination_port_range": "9094",
                "destination_port_ranges": [],
                "direction": "Inbound",
                "name": "Allow-Kafka-External",
                "priority": 100,
                "protocol": "Tcp",
                "source_address_prefix": "*",
                "source_address_prefixes": [],
                "source_application_security_group_ids": [],
                "source_port_range": "*",
                "source_port_ranges": []
              },
              {
                "access": "Allow",
                "description": null,
                "destination_address_prefix": "*",
                "destination_address_prefixes": [],
                "destination_application_security_group_ids": [],
                "destination_port_range": "22",
                "destination_port_ranges": [],
                "direction": "Inbound",
                "name": "Allow-SSH",
                "priority": 110,
                "protocol": "Tcp",
                "source_address_prefix": "*",
                "source_address_prefixes": [],
                "source_application_security_group_ids": [],
                "source_port_range": "*",
                "source_port_ranges": []
              }
            ],
            "tags": {},
            "timeouts": null
          },
          "sensitive_attributes": [],
          "identity_schema_version": 0,
          "private": "eyJlMmJmYjczMC1lY2FhLTExZTYtOGY4OC0zNDM2M2JjN2M0YzAiOnsiY3JlYXRlIjoxODAwMDAwMDAwMDAwLCJkZWxldGUiOjE4MDAwMDAwMDAwMDAsInJlYWQiOjMwMDAwMDAwMDAwMCwidXBkYXRlIjoxODAwMDAwMDAwMDAwfX0=",
          "dependencies": [
            "azurerm_resource_group.rg"
          ]
        }
      ]
    },
    {
      "mode": "managed",
      "type": "azurerm_public_ip",
      "name": "pip",
      "provider": "provider[\"registry.terraform.io/hashicorp/azurerm\"]",
      "instances": [
        {
          "schema_version": 0,
          "attributes": {
            "allocation_method": "Static",
            "ddos_protection_mode": "VirtualNetworkInherited",
            "ddos_protection_plan_id": null,
            "domain_name_label": null,
            "edge_zone": "",
            "fqdn": null,
            "id": "/subscriptions/f6cefdd0-bfd8-4dcd-ba6c-cc90e0a813be/resourceGroups/kafka-demo-rg/providers/Microsoft.Network/publicIPAddresses/kafka-demo-pip",
            "idle_timeout_in_minutes": 4,
            "ip_address": "40.123.240.176",
            "ip_tags": {},
            "ip_version": "IPv4",
            "location": "southafricanorth",
            "name": "kafka-demo-pip",
            "public_ip_prefix_id": null,
            "resource_group_name": "kafka-demo-rg",
            "reverse_fqdn": null,
            "sku": "Standard",
            "sku_tier": "Regional",
            "tags": {},
            "timeouts": null,
            "zones": []
          },
          "sensitive_attributes": [],
          "identity_schema_version": 0,
          "private": "eyJlMmJmYjczMC1lY2FhLTExZTYtOGY4OC0zNDM2M2JjN2M0YzAiOnsiY3JlYXRlIjoxODAwMDAwMDAwMDAwLCJkZWxldGUiOjE4MDAwMDAwMDAwMDAsInJlYWQiOjMwMDAwMDAwMDAwMCwidXBkYXRlIjoxODAwMDAwMDAwMDAwfX0=",
          "dependencies": [
            "azurerm_resource_group.rg"
          ]
        }
      ]
    },
    {
      "mode": "managed",
      "type": "azurerm_resource_group",
      "name": "rg",
      "provider": "provider[\"registry.terraform.io/hashicorp/azurerm\"]",
      "instances": [
        {
          "schema_version": 0,
          "attributes": {
            "id": "/subscriptions/f6cefdd0-bfd8-4dcd-ba6c-cc90e0a813be/resourceGroups/kafka-demo-rg",
            "location": "southafricanorth",
            "managed_by": "",
            "name": "kafka-demo-rg",
            "tags": {},
            "timeouts": null
          },
          "sensitive_attributes": [],
          "identity_schema_version": 0,
          "private": "eyJlMmJmYjczMC1lY2FhLTExZTYtOGY4OC0zNDM2M2JjN2M0YzAiOnsiY3JlYXRlIjo1NDAwMDAwMDAwMDAwLCJkZWxldGUiOjU0MDAwMDAwMDAwMDAsInJlYWQiOjMwMDAwMDAwMDAwMCwidXBkYXRlIjo1NDAwMDAwMDAwMDAwfX0="
        }
      ]
    },
    {
      "mode": "managed",
      "type": "azurerm_subnet",
      "name": "subnet",
      "provider": "provider[\"registry.terraform.io/hashicorp/azurerm\"]",
      "instances": [
        {
          "schema_version": 0,
          "attributes": {
            "address_prefixes": [
              "10.0.1.0/24"
            ],
            "default_outbound_access_enabled": true,
            "delegation": [],
            "enforce_private_link_endpoint_network_policies": false,
            "enforce_private_link_service_network_policies": false,
            "id": "/subscriptions/f6cefdd0-bfd8-4dcd-ba6c-cc90e0a813be/resourceGroups/kafka-demo-rg/providers/Microsoft.Network/virtualNetworks/kafka-demo-vnet/subnets/kafka-demo-subnet",
            "name": "kafka-demo-subnet",
            "private_endpoint_network_policies": "Enabled",
            "private_endpoint_network_policies_enabled": true,
            "private_link_service_network_policies_enabled": true,
            "resource_group_name": "kafka-demo-rg",
            "service_endpoint_policy_ids": [],
            "service_endpoints": [],
            "timeouts": null,
            "virtual_network_name": "kafka-demo-vnet"
          },
          "sensitive_attributes": [],
          "identity_schema_version": 0,
          "private": "eyJlMmJmYjczMC1lY2FhLTExZTYtOGY4OC0zNDM2M2JjN2M0YzAiOnsiY3JlYXRlIjoxODAwMDAwMDAwMDAwLCJkZWxldGUiOjE4MDAwMDAwMDAwMDAsInJlYWQiOjMwMDAwMDAwMDAwMCwidXBkYXRlIjoxODAwMDAwMDAwMDAwfX0=",
          "dependencies": [
            "azurerm_resource_group.rg",
            "azurerm_virtual_network.vnet"
          ]
        }
      ]
    },
    {
      "mode": "managed",
      "type": "azurerm_virtual_network",
      "name": "vnet",
      "provider": "provider[\"registry.terraform.io/hashicorp/azurerm\"]",
      "instances": [
        {
          "schema_version": 0,
          "attributes": {
            "address_space": [
              "10.0.0.0/16"
            ],
            "bgp_community": "",
            "ddos_protection_plan": [],
            "dns_servers": [],
            "edge_zone": "",
            "encryption": [],
            "flow_timeout_in_minutes": 0,
            "guid": "6ca183df-1972-424a-95e6-4cad1aab23bf",
            "id": "/subscriptions/f6cefdd0-bfd8-4dcd-ba6c-cc90e0a813be/resourceGroups/kafka-demo-rg/providers/Microsoft.Network/virtualNetworks/kafka-demo-vnet",
            "location": "southafricanorth",
            "name": "kafka-demo-vnet",
            "resource_group_name": "kafka-demo-rg",
            "subnet": [
              {
                "address_prefix": "10.0.1.0/24",
                "id": "/subscriptions/f6cefdd0-bfd8-4dcd-ba6c-cc90e0a813be/resourceGroups/kafka-demo-rg/providers/Microsoft.Network/virtualNetworks/kafka-demo-vnet/subnets/kafka-demo-subnet",
                "name": "kafka-demo-subnet",
                "security_group": ""
              }
            ],
            "tags": {},
            "timeouts": null
          },
          "sensitive_attributes": [],
          "identity_schema_version": 0,
          "private": "eyJlMmJmYjczMC1lY2FhLTExZTYtOGY4OC0zNDM2M2JjN2M0YzAiOnsiY3JlYXRlIjoxODAwMDAwMDAwMDAwLCJkZWxldGUiOjE4MDAwMDAwMDAwMDAsInJlYWQiOjMwMDAwMDAwMDAwMCwidXBkYXRlIjoxODAwMDAwMDAwMDAwfX0=",
          "dependencies": [
            "azurerm_resource_group.rg"
          ]
        }
      ]
    }
  ],
  "check_results": null
}
